
Microsoft Visual Studio Solution File, Format Version 12.00
# Visual Studio 15
Project("{FAE04EC0-301F-11D3-BF4B-00C04F79EFBC}") = "Assembly-CSharp-firstpass", "Assembly-CSharp-firstpass.csproj", "{3C32026C-4DCE-4A8B-C2BE-CCA7A2DB21FD}"
EndProject
Project("{FAE04EC0-301F-11D3-BF4B-00C04F79EFBC}") = "Assembly-CSharp", "Assembly-CSharp.csproj", "{904D1D99-857D-124D-BEF8-2131A655FE9D}"
EndProject
Project("{FAE04EC0-301F-11D3-BF4B-00C04F79EFBC}") = "Febucci.TextAnimator.Runtime", "Febucci.TextAnimator.Runtime.csproj", "{EDACEDE5-300D-2F62-02E4-F53AEB6D75B8}"
EndProject
Project("{FAE04EC0-301F-11D3-BF4B-00C04F79EFBC}") = "Febucci.TextAnimator.Demo.Runtime", "Febucci.TextAnimator.Demo.Runtime.csproj", "{FF5B7D0E-F723-4118-413D-F93122EF6EFE}"
EndProject
Project("{FAE04EC0-301F-11D3-BF4B-00C04F79EFBC}") = "NavMeshPlus", "NavMeshPlus.csproj", "{264180D2-C4F3-EE46-E5A8-83B512198301}"
EndProject
Project("{FAE04EC0-301F-11D3-BF4B-00C04F79EFBC}") = "Febucci.TextAnimator.Editor", "Febucci.TextAnimator.Editor.csproj", "{930DCD6D-99AD-05E7-A6D7-8C50BD94D625}"
EndProject
Project("{FAE04EC0-301F-11D3-BF4B-00C04F79EFBC}") = "Assembly-CSharp-Editor-firstpass", "Assembly-CSharp-Editor-firstpass.csproj", "{B7E7830F-8100-A042-796D-0C7FB3A1883C}"
EndProject
Project("{FAE04EC0-301F-11D3-BF4B-00C04F79EFBC}") = "Febucci.TextAnimator.Demo.Editor", "Febucci.TextAnimator.Demo.Editor.csproj", "{3E7F4CE4-A0D4-EBA6-48C0-124DC304CCDB}"
EndProject
Project("{FAE04EC0-301F-11D3-BF4B-00C04F79EFBC}") = "NavMeshPlusEditor", "NavMeshPlusEditor.csproj", "{E8506A49-D0C0-ABC8-447C-E9BAF2D22AAC}"
EndProject
Global
	GlobalSection(SolutionConfigurationPlatforms) = preSolution
		Debug|Any CPU = Debug|Any CPU
		Release|Any CPU = Release|Any CPU
	EndGlobalSection
	GlobalSection(ProjectConfigurationPlatforms) = postSolution
		{3C32026C-4DCE-4A8B-C2BE-CCA7A2DB21FD}.Debug|Any CPU.ActiveCfg = Debug|Any CPU
		{3C32026C-4DCE-4A8B-C2BE-CCA7A2DB21FD}.Debug|Any CPU.Build.0 = Debug|Any CPU
		{3C32026C-4DCE-4A8B-C2BE-CCA7A2DB21FD}.Release|Any CPU.ActiveCfg = Release|Any CPU
		{3C32026C-4DCE-4A8B-C2BE-CCA7A2DB21FD}.Release|Any CPU.Build.0 = Release|Any CPU
		{904D1D99-857D-124D-BEF8-2131A655FE9D}.Debug|Any CPU.ActiveCfg = Debug|Any CPU
		{904D1D99-857D-124D-BEF8-2131A655FE9D}.Debug|Any CPU.Build.0 = Debug|Any CPU
		{904D1D99-857D-124D-BEF8-2131A655FE9D}.Release|Any CPU.ActiveCfg = Release|Any CPU
		{904D1D99-857D-124D-BEF8-2131A655FE9D}.Release|Any CPU.Build.0 = Release|Any CPU
		{EDACEDE5-300D-2F62-02E4-F53AEB6D75B8}.Debug|Any CPU.ActiveCfg = Debug|Any CPU
		{EDACEDE5-300D-2F62-02E4-F53AEB6D75B8}.Debug|Any CPU.Build.0 = Debug|Any CPU
		{EDACEDE5-300D-2F62-02E4-F53AEB6D75B8}.Release|Any CPU.ActiveCfg = Release|Any CPU
		{EDACEDE5-300D-2F62-02E4-F53AEB6D75B8}.Release|Any CPU.Build.0 = Release|Any CPU
		{FF5B7D0E-F723-4118-413D-F93122EF6EFE}.Debug|Any CPU.ActiveCfg = Debug|Any CPU
		{FF5B7D0E-F723-4118-413D-F93122EF6EFE}.Debug|Any CPU.Build.0 = Debug|Any CPU
		{FF5B7D0E-F723-4118-413D-F93122EF6EFE}.Release|Any CPU.ActiveCfg = Release|Any CPU
		{FF5B7D0E-F723-4118-413D-F93122EF6EFE}.Release|Any CPU.Build.0 = Release|Any CPU
		{264180D2-C4F3-EE46-E5A8-83B512198301}.Debug|Any CPU.ActiveCfg = Debug|Any CPU
		{264180D2-C4F3-EE46-E5A8-83B512198301}.Debug|Any CPU.Build.0 = Debug|Any CPU
		{264180D2-C4F3-EE46-E5A8-83B512198301}.Release|Any CPU.ActiveCfg = Release|Any CPU
		{264180D2-C4F3-EE46-E5A8-83B512198301}.Release|Any CPU.Build.0 = Release|Any CPU
		{930DCD6D-99AD-05E7-A6D7-8C50BD94D625}.Debug|Any CPU.ActiveCfg = Debug|Any CPU
		{930DCD6D-99AD-05E7-A6D7-8C50BD94D625}.Debug|Any CPU.Build.0 = Debug|Any CPU
		{930DCD6D-99AD-05E7-A6D7-8C50BD94D625}.Release|Any CPU.ActiveCfg = Release|Any CPU
		{930DCD6D-99AD-05E7-A6D7-8C50BD94D625}.Release|Any CPU.Build.0 = Release|Any CPU
		{B7E7830F-8100-A042-796D-0C7FB3A1883C}.Debug|Any CPU.ActiveCfg = Debug|Any CPU
		{B7E7830F-8100-A042-796D-0C7FB3A1883C}.Debug|Any CPU.Build.0 = Debug|Any CPU
		{B7E7830F-8100-A042-796D-0C7FB3A1883C}.Release|Any CPU.ActiveCfg = Release|Any CPU
		{B7E7830F-8100-A042-796D-0C7FB3A1883C}.Release|Any CPU.Build.0 = Release|Any CPU
		{3E7F4CE4-A0D4-EBA6-48C0-124DC304CCDB}.Debug|Any CPU.ActiveCfg = Debug|Any CPU
		{3E7F4CE4-A0D4-EBA6-48C0-124DC304CCDB}.Debug|Any CPU.Build.0 = Debug|Any CPU
		{3E7F4CE4-A0D4-EBA6-48C0-124DC304CCDB}.Release|Any CPU.ActiveCfg = Release|Any CPU
		{3E7F4CE4-A0D4-EBA6-48C0-124DC304CCDB}.Release|Any CPU.Build.0 = Release|Any CPU
		{E8506A49-D0C0-ABC8-447C-E9BAF2D22AAC}.Debug|Any CPU.ActiveCfg = Debug|Any CPU
		{E8506A49-D0C0-ABC8-447C-E9BAF2D22AAC}.Debug|Any CPU.Build.0 = Debug|Any CPU
		{E8506A49-D0C0-ABC8-447C-E9BAF2D22AAC}.Release|Any CPU.ActiveCfg = Release|Any CPU
		{E8506A49-D0C0-ABC8-447C-E9BAF2D22AAC}.Release|Any CPU.Build.0 = Release|Any CPU
	EndGlobalSection
	GlobalSection(SolutionProperties) = preSolution
		HideSolutionNode = FALSE
	EndGlobalSection
EndGlobal
