
Microsoft Visual Studio Solution File, Format Version 12.00
# Visual Studio 15
Project("{FAE04EC0-301F-11D3-BF4B-00C04F79EFBC}") = "Febucci.TextAnimator.Runtime", "Febucci.TextAnimator.Runtime.csproj", "{9B2CD925-BC20-4F74-DD69-3B9B86A97E6A}"
EndProject
Project("{FAE04EC0-301F-11D3-BF4B-00C04F79EFBC}") = "Assembly-CSharp", "Assembly-CSharp.csproj", "{A8A33305-2918-E78E-9695-F5B021F32CBC}"
EndProject
Project("{FAE04EC0-301F-11D3-BF4B-00C04F79EFBC}") = "Febucci.TextAnimator.Demo.Runtime", "Febucci.TextAnimator.Demo.Runtime.csproj", "{C9ED6F64-4342-CF92-2925-9C856889787C}"
EndProject
Project("{FAE04EC0-301F-11D3-BF4B-00C04F79EFBC}") = "Febucci.TextAnimator.Editor", "Febucci.TextAnimator.Editor.csproj", "{9F07C432-1AA1-DAC1-647D-D31CABE2D82B}"
EndProject
Project("{FAE04EC0-301F-11D3-BF4B-00C04F79EFBC}") = "Febucci.TextAnimator.Demo.Editor", "Febucci.TextAnimator.Demo.Editor.csproj", "{2E4C5B73-BE1F-EE6C-3621-E6ABC46B64E6}"
EndProject
Global
	GlobalSection(SolutionConfigurationPlatforms) = preSolution
		Debug|Any CPU = Debug|Any CPU
		Release|Any CPU = Release|Any CPU
	EndGlobalSection
	GlobalSection(ProjectConfigurationPlatforms) = postSolution
		{9B2CD925-BC20-4F74-DD69-3B9B86A97E6A}.Debug|Any CPU.ActiveCfg = Debug|Any CPU
		{9B2CD925-BC20-4F74-DD69-3B9B86A97E6A}.Debug|Any CPU.Build.0 = Debug|Any CPU
		{9B2CD925-BC20-4F74-DD69-3B9B86A97E6A}.Release|Any CPU.ActiveCfg = Release|Any CPU
		{9B2CD925-BC20-4F74-DD69-3B9B86A97E6A}.Release|Any CPU.Build.0 = Release|Any CPU
		{A8A33305-2918-E78E-9695-F5B021F32CBC}.Debug|Any CPU.ActiveCfg = Debug|Any CPU
		{A8A33305-2918-E78E-9695-F5B021F32CBC}.Debug|Any CPU.Build.0 = Debug|Any CPU
		{A8A33305-2918-E78E-9695-F5B021F32CBC}.Release|Any CPU.ActiveCfg = Release|Any CPU
		{A8A33305-2918-E78E-9695-F5B021F32CBC}.Release|Any CPU.Build.0 = Release|Any CPU
		{C9ED6F64-4342-CF92-2925-9C856889787C}.Debug|Any CPU.ActiveCfg = Debug|Any CPU
		{C9ED6F64-4342-CF92-2925-9C856889787C}.Debug|Any CPU.Build.0 = Debug|Any CPU
		{C9ED6F64-4342-CF92-2925-9C856889787C}.Release|Any CPU.ActiveCfg = Release|Any CPU
		{C9ED6F64-4342-CF92-2925-9C856889787C}.Release|Any CPU.Build.0 = Release|Any CPU
		{9F07C432-1AA1-DAC1-647D-D31CABE2D82B}.Debug|Any CPU.ActiveCfg = Debug|Any CPU
		{9F07C432-1AA1-DAC1-647D-D31CABE2D82B}.Debug|Any CPU.Build.0 = Debug|Any CPU
		{9F07C432-1AA1-DAC1-647D-D31CABE2D82B}.Release|Any CPU.ActiveCfg = Release|Any CPU
		{9F07C432-1AA1-DAC1-647D-D31CABE2D82B}.Release|Any CPU.Build.0 = Release|Any CPU
		{2E4C5B73-BE1F-EE6C-3621-E6ABC46B64E6}.Debug|Any CPU.ActiveCfg = Debug|Any CPU
		{2E4C5B73-BE1F-EE6C-3621-E6ABC46B64E6}.Debug|Any CPU.Build.0 = Debug|Any CPU
		{2E4C5B73-BE1F-EE6C-3621-E6ABC46B64E6}.Release|Any CPU.ActiveCfg = Release|Any CPU
		{2E4C5B73-BE1F-EE6C-3621-E6ABC46B64E6}.Release|Any CPU.Build.0 = Release|Any CPU
	EndGlobalSection
	GlobalSection(SolutionProperties) = preSolution
		HideSolutionNode = FALSE
	EndGlobalSection
EndGlobal
